{
  "name": "simplechat",
  "version": "1.0.0",
  "lockfileVersion": 1,
  "requires": true,
  "dependencies": {
    "simplechat": {
      "version": "1.0.2",
      "resolved": "https://registry.npmjs.org/simplechat/-/simplechat-1.0.2.tgz",
      "integrity": "sha1-PqWH/icONoEXeOCm8VaM5WsU4qY="
    }
  }
}
